// !$*UTF8*$!
{
	archiveVersion = 1;
	classes = {
	};
	objectVersion = 55;
	objects = {

/* Begin PBXBuildFile section */
		03E87C93CBFD56454C746BA6 /* Pods_Fit_Story.framework in Frameworks */ = {isa = PBXBuildFile; fileRef = 2DD65775479E11CF29FF1FB6 /* Pods_Fit_Story.framework */; };
		B6365A252802B4A700462018 /* ScalePickerCell.swift in Sources */ = {isa = PBXBuildFile; fileRef = B6365A242802B4A700462018 /* ScalePickerCell.swift */; };
		B6365A272802C07700462018 /* ScalePickerCellViewModel.swift in Sources */ = {isa = PBXBuildFile; fileRef = B6365A262802C07700462018 /* ScalePickerCellViewModel.swift */; };
		B6365A29280319BE00462018 /* ScalePickerViewModel.swift in Sources */ = {isa = PBXBuildFile; fileRef = B6365A28280319BE00462018 /* ScalePickerViewModel.swift */; };
		B6365A2B28031F2A00462018 /* ScalePickerContainer.swift in Sources */ = {isa = PBXBuildFile; fileRef = B6365A2A28031F2A00462018 /* ScalePickerContainer.swift */; };
		B657C1352801675200597F4A /* AppDelegate.swift in Sources */ = {isa = PBXBuildFile; fileRef = B657C1342801675200597F4A /* AppDelegate.swift */; };
		B657C1372801675200597F4A /* SceneDelegate.swift in Sources */ = {isa = PBXBuildFile; fileRef = B657C1362801675200597F4A /* SceneDelegate.swift */; };
		B657C13E2801675400597F4A /* Assets.xcassets in Resources */ = {isa = PBXBuildFile; fileRef = B657C13D2801675400597F4A /* Assets.xcassets */; };
		B657C1412801675400597F4A /* LaunchScreen.storyboard in Resources */ = {isa = PBXBuildFile; fileRef = B657C13F2801675400597F4A /* LaunchScreen.storyboard */; };
		B657C14B280167DD00597F4A /* MainViewController.swift in Sources */ = {isa = PBXBuildFile; fileRef = B657C14A280167DD00597F4A /* MainViewController.swift */; };
		B657C16328016B6A00597F4A /* ChakraPetch-SemiBold.ttf in Resources */ = {isa = PBXBuildFile; fileRef = B657C15828016B6A00597F4A /* ChakraPetch-SemiBold.ttf */; };
		B657C16528016B6A00597F4A /* OFL.txt in Resources */ = {isa = PBXBuildFile; fileRef = B657C15A28016B6A00597F4A /* OFL.txt */; };
		B657C16628016B6A00597F4A /* ChakraPetch-Medium.ttf in Resources */ = {isa = PBXBuildFile; fileRef = B657C15B28016B6A00597F4A /* ChakraPetch-Medium.ttf */; };
		B657C16728016B6A00597F4A /* ChakraPetch-Regular.ttf in Resources */ = {isa = PBXBuildFile; fileRef = B657C15C28016B6A00597F4A /* ChakraPetch-Regular.ttf */; };
		B657C16B280183D400597F4A /* FontLibrary.swift in Sources */ = {isa = PBXBuildFile; fileRef = B657C16A280183D400597F4A /* FontLibrary.swift */; };
		B657C16D2801853200597F4A /* ColorLibrary.swift in Sources */ = {isa = PBXBuildFile; fileRef = B657C16C2801853200597F4A /* ColorLibrary.swift */; };
		B657C16F280189E900597F4A /* IconLibrary.swift in Sources */ = {isa = PBXBuildFile; fileRef = B657C16E280189E900597F4A /* IconLibrary.swift */; };
		B657C17228018D7A00597F4A /* HexButton.swift in Sources */ = {isa = PBXBuildFile; fileRef = B657C17128018D7A00597F4A /* HexButton.swift */; };
		B657C1792802B33600597F4A /* ScalePicker.swift in Sources */ = {isa = PBXBuildFile; fileRef = B657C1782802B33600597F4A /* ScalePicker.swift */; };
/* End PBXBuildFile section */

/* Begin PBXFileReference section */
		2DD65775479E11CF29FF1FB6 /* Pods_Fit_Story.framework */ = {isa = PBXFileReference; explicitFileType = wrapper.framework; includeInIndex = 0; path = Pods_Fit_Story.framework; sourceTree = BUILT_PRODUCTS_DIR; };
		38A21B4BC4875C338B1BA61C /* Pods-Fit Story.debug.xcconfig */ = {isa = PBXFileReference; includeInIndex = 1; lastKnownFileType = text.xcconfig; name = "Pods-Fit Story.debug.xcconfig"; path = "Target Support Files/Pods-Fit Story/Pods-Fit Story.debug.xcconfig"; sourceTree = "<group>"; };
		B6365A242802B4A700462018 /* ScalePickerCell.swift */ = {isa = PBXFileReference; lastKnownFileType = sourcecode.swift; path = ScalePickerCell.swift; sourceTree = "<group>"; };
		B6365A262802C07700462018 /* ScalePickerCellViewModel.swift */ = {isa = PBXFileReference; lastKnownFileType = sourcecode.swift; path = ScalePickerCellViewModel.swift; sourceTree = "<group>"; };
		B6365A28280319BE00462018 /* ScalePickerViewModel.swift */ = {isa = PBXFileReference; lastKnownFileType = sourcecode.swift; path = ScalePickerViewModel.swift; sourceTree = "<group>"; };
		B6365A2A28031F2A00462018 /* ScalePickerContainer.swift */ = {isa = PBXFileReference; lastKnownFileType = sourcecode.swift; path = ScalePickerContainer.swift; sourceTree = "<group>"; };
		B657C1312801675200597F4A /* Fit Story.app */ = {isa = PBXFileReference; explicitFileType = wrapper.application; includeInIndex = 0; path = "Fit Story.app"; sourceTree = BUILT_PRODUCTS_DIR; };
		B657C1342801675200597F4A /* AppDelegate.swift */ = {isa = PBXFileReference; lastKnownFileType = sourcecode.swift; path = AppDelegate.swift; sourceTree = "<group>"; };
		B657C1362801675200597F4A /* SceneDelegate.swift */ = {isa = PBXFileReference; lastKnownFileType = sourcecode.swift; path = SceneDelegate.swift; sourceTree = "<group>"; };
		B657C13D2801675400597F4A /* Assets.xcassets */ = {isa = PBXFileReference; lastKnownFileType = folder.assetcatalog; path = Assets.xcassets; sourceTree = "<group>"; };
		B657C1402801675400597F4A /* Base */ = {isa = PBXFileReference; lastKnownFileType = file.storyboard; name = Base; path = Base.lproj/LaunchScreen.storyboard; sourceTree = "<group>"; };
		B657C1422801675400597F4A /* Info.plist */ = {isa = PBXFileReference; lastKnownFileType = text.plist.xml; path = Info.plist; sourceTree = "<group>"; };
		B657C14A280167DD00597F4A /* MainViewController.swift */ = {isa = PBXFileReference; lastKnownFileType = sourcecode.swift; path = MainViewController.swift; sourceTree = "<group>"; };
		B657C15828016B6A00597F4A /* ChakraPetch-SemiBold.ttf */ = {isa = PBXFileReference; lastKnownFileType = file; path = "ChakraPetch-SemiBold.ttf"; sourceTree = "<group>"; };
		B657C15A28016B6A00597F4A /* OFL.txt */ = {isa = PBXFileReference; fileEncoding = 4; lastKnownFileType = text; path = OFL.txt; sourceTree = "<group>"; };
		B657C15B28016B6A00597F4A /* ChakraPetch-Medium.ttf */ = {isa = PBXFileReference; lastKnownFileType = file; path = "ChakraPetch-Medium.ttf"; sourceTree = "<group>"; };
		B657C15C28016B6A00597F4A /* ChakraPetch-Regular.ttf */ = {isa = PBXFileReference; lastKnownFileType = file; path = "ChakraPetch-Regular.ttf"; sourceTree = "<group>"; };
		B657C16A280183D400597F4A /* FontLibrary.swift */ = {isa = PBXFileReference; fileEncoding = 4; lastKnownFileType = sourcecode.swift; path = FontLibrary.swift; sourceTree = "<group>"; };
		B657C16C2801853200597F4A /* ColorLibrary.swift */ = {isa = PBXFileReference; lastKnownFileType = sourcecode.swift; path = ColorLibrary.swift; sourceTree = "<group>"; };
		B657C16E280189E900597F4A /* IconLibrary.swift */ = {isa = PBXFileReference; lastKnownFileType = sourcecode.swift; path = IconLibrary.swift; sourceTree = "<group>"; };
		B657C17128018D7A00597F4A /* HexButton.swift */ = {isa = PBXFileReference; lastKnownFileType = sourcecode.swift; path = HexButton.swift; sourceTree = "<group>"; };
		B657C1742801DE7700597F4A /* RxSwift.framework */ = {isa = PBXFileReference; lastKnownFileType = wrapper.framework; name = RxSwift.framework; path = "../../../../Downloads/RxSwift.xcframework/ios-arm64_armv7/RxSwift.framework"; sourceTree = "<group>"; };
		B657C1782802B33600597F4A /* ScalePicker.swift */ = {isa = PBXFileReference; lastKnownFileType = sourcecode.swift; path = ScalePicker.swift; sourceTree = "<group>"; };
		DA9C0B6044FA33E3AA96C813 /* Pods-Fit Story.release.xcconfig */ = {isa = PBXFileReference; includeInIndex = 1; lastKnownFileType = text.xcconfig; name = "Pods-Fit Story.release.xcconfig"; path = "Target Support Files/Pods-Fit Story/Pods-Fit Story.release.xcconfig"; sourceTree = "<group>"; };
/* End PBXFileReference section */

/* Begin PBXFrameworksBuildPhase section */
		B657C12E2801675200597F4A /* Frameworks */ = {
			isa = PBXFrameworksBuildPhase;
			buildActionMask = 2147483647;
			files = (
				03E87C93CBFD56454C746BA6 /* Pods_Fit_Story.framework in Frameworks */,
			);
			runOnlyForDeploymentPostprocessing = 0;
		};
/* End PBXFrameworksBuildPhase section */

/* Begin PBXGroup section */
		51A292C6673E809C44B0B23B /* Frameworks */ = {
			isa = PBXGroup;
			children = (
				B657C1742801DE7700597F4A /* RxSwift.framework */,
				2DD65775479E11CF29FF1FB6 /* Pods_Fit_Story.framework */,
			);
			name = Frameworks;
			sourceTree = "<group>";
		};
		5BDF51D643FB880859362261 /* Pods */ = {
			isa = PBXGroup;
			children = (
				38A21B4BC4875C338B1BA61C /* Pods-Fit Story.debug.xcconfig */,
				DA9C0B6044FA33E3AA96C813 /* Pods-Fit Story.release.xcconfig */,
			);
			path = Pods;
			sourceTree = "<group>";
		};
		B657C1282801675200597F4A = {
			isa = PBXGroup;
			children = (
				B657C1332801675200597F4A /* Fit Story */,
				B657C1322801675200597F4A /* Products */,
				5BDF51D643FB880859362261 /* Pods */,
				51A292C6673E809C44B0B23B /* Frameworks */,
			);
			sourceTree = "<group>";
		};
		B657C1322801675200597F4A /* Products */ = {
			isa = PBXGroup;
			children = (
				B657C1312801675200597F4A /* Fit Story.app */,
			);
			name = Products;
			sourceTree = "<group>";
		};
		B657C1332801675200597F4A /* Fit Story */ = {
			isa = PBXGroup;
			children = (
				B657C1342801675200597F4A /* AppDelegate.swift */,
				B657C1362801675200597F4A /* SceneDelegate.swift */,
				B657C148280167A600597F4A /* Model */,
				B657C149280167AD00597F4A /* View */,
				B657C15028016A7F00597F4A /* Helpers */,
				B657C14F28016A6D00597F4A /* Extensions */,
				B657C15128016B4F00597F4A /* Font */,
				B657C13D2801675400597F4A /* Assets.xcassets */,
				B657C13F2801675400597F4A /* LaunchScreen.storyboard */,
				B657C1422801675400597F4A /* Info.plist */,
			);
			path = "Fit Story";
			sourceTree = "<group>";
		};
		B657C148280167A600597F4A /* Model */ = {
			isa = PBXGroup;
			children = (
			);
			path = Model;
			sourceTree = "<group>";
		};
		B657C149280167AD00597F4A /* View */ = {
			isa = PBXGroup;
			children = (
				B657C14C2801694300597F4A /* Authentication */,
				B657C14D2801695300597F4A /* Home */,
				B657C17028018D5C00597F4A /* Reuseable */,
			);
			path = View;
			sourceTree = "<group>";
		};
		B657C14C2801694300597F4A /* Authentication */ = {
			isa = PBXGroup;
			children = (
			);
			path = Authentication;
			sourceTree = "<group>";
		};
		B657C14D2801695300597F4A /* Home */ = {
			isa = PBXGroup;
			children = (
				B657C14A280167DD00597F4A /* MainViewController.swift */,
			);
			path = Home;
			sourceTree = "<group>";
		};
		B657C14F28016A6D00597F4A /* Extensions */ = {
			isa = PBXGroup;
			children = (
				B657C16A280183D400597F4A /* FontLibrary.swift */,
				B657C16C2801853200597F4A /* ColorLibrary.swift */,
				B657C16E280189E900597F4A /* IconLibrary.swift */,
			);
			path = Extensions;
			sourceTree = "<group>";
		};
		B657C15028016A7F00597F4A /* Helpers */ = {
			isa = PBXGroup;
			children = (
			);
			path = Helpers;
			sourceTree = "<group>";
		};
		B657C15128016B4F00597F4A /* Font */ = {
			isa = PBXGroup;
			children = (
				B657C15B28016B6A00597F4A /* ChakraPetch-Medium.ttf */,
				B657C15C28016B6A00597F4A /* ChakraPetch-Regular.ttf */,
				B657C15828016B6A00597F4A /* ChakraPetch-SemiBold.ttf */,
				B657C15A28016B6A00597F4A /* OFL.txt */,
			);
			path = Font;
			sourceTree = "<group>";
		};
		B657C17028018D5C00597F4A /* Reuseable */ = {
			isa = PBXGroup;
			children = (
				B657C17128018D7A00597F4A /* HexButton.swift */,
				B6365A2A28031F2A00462018 /* ScalePickerContainer.swift */,
				B657C1782802B33600597F4A /* ScalePicker.swift */,
				B6365A28280319BE00462018 /* ScalePickerViewModel.swift */,
				B6365A242802B4A700462018 /* ScalePickerCell.swift */,
				B6365A262802C07700462018 /* ScalePickerCellViewModel.swift */,
			);
			path = Reuseable;
			sourceTree = "<group>";
		};
/* End PBXGroup section */

/* Begin PBXNativeTarget section */
		B657C1302801675200597F4A /* Fit Story */ = {
			isa = PBXNativeTarget;
			buildConfigurationList = B657C1452801675400597F4A /* Build configuration list for PBXNativeTarget "Fit Story" */;
			buildPhases = (
				21C2006CB4FE3CE0ED2EB8ED /* [CP] Check Pods Manifest.lock */,
				B657C12D2801675200597F4A /* Sources */,
				B657C12E2801675200597F4A /* Frameworks */,
				B657C12F2801675200597F4A /* Resources */,
				E08B2E4B1DBBC2E20E1FECB4 /* [CP] Embed Pods Frameworks */,
				B657C1732801944700597F4A /* ShellScript */,
			);
			buildRules = (
			);
			dependencies = (
			);
			name = "Fit Story";
			productName = "Fit Story";
			productReference = B657C1312801675200597F4A /* Fit Story.app */;
			productType = "com.apple.product-type.application";
		};
/* End PBXNativeTarget section */

/* Begin PBXProject section */
		B657C1292801675200597F4A /* Project object */ = {
			isa = PBXProject;
			attributes = {
				BuildIndependentTargetsInParallel = 1;
				LastSwiftUpdateCheck = 1320;
				LastUpgradeCheck = 1320;
				TargetAttributes = {
					B657C1302801675200597F4A = {
						CreatedOnToolsVersion = 13.2.1;
					};
				};
			};
			buildConfigurationList = B657C12C2801675200597F4A /* Build configuration list for PBXProject "Fit Story" */;
			compatibilityVersion = "Xcode 13.0";
			developmentRegion = en;
			hasScannedForEncodings = 0;
			knownRegions = (
				en,
				Base,
			);
			mainGroup = B657C1282801675200597F4A;
			productRefGroup = B657C1322801675200597F4A /* Products */;
			projectDirPath = "";
			projectRoot = "";
			targets = (
				B657C1302801675200597F4A /* Fit Story */,
			);
		};
/* End PBXProject section */

/* Begin PBXResourcesBuildPhase section */
		B657C12F2801675200597F4A /* Resources */ = {
			isa = PBXResourcesBuildPhase;
			buildActionMask = 2147483647;
			files = (
				B657C16528016B6A00597F4A /* OFL.txt in Resources */,
				B657C16628016B6A00597F4A /* ChakraPetch-Medium.ttf in Resources */,
				B657C16328016B6A00597F4A /* ChakraPetch-SemiBold.ttf in Resources */,
				B657C16728016B6A00597F4A /* ChakraPetch-Regular.ttf in Resources */,
				B657C1412801675400597F4A /* LaunchScreen.storyboard in Resources */,
				B657C13E2801675400597F4A /* Assets.xcassets in Resources */,
			);
			runOnlyForDeploymentPostprocessing = 0;
		};
/* End PBXResourcesBuildPhase section */

/* Begin PBXShellScriptBuildPhase section */
		21C2006CB4FE3CE0ED2EB8ED /* [CP] Check Pods Manifest.lock */ = {
			isa = PBXShellScriptBuildPhase;
			buildActionMask = 2147483647;
			files = (
			);
			inputFileListPaths = (
			);
			inputPaths = (
				"${PODS_PODFILE_DIR_PATH}/Podfile.lock",
				"${PODS_ROOT}/Manifest.lock",
			);
			name = "[CP] Check Pods Manifest.lock";
			outputFileListPaths = (
			);
			outputPaths = (
				"$(DERIVED_FILE_DIR)/Pods-Fit Story-checkManifestLockResult.txt",
			);
			runOnlyForDeploymentPostprocessing = 0;
			shellPath = /bin/sh;
			shellScript = "diff \"${PODS_PODFILE_DIR_PATH}/Podfile.lock\" \"${PODS_ROOT}/Manifest.lock\" > /dev/null\nif [ $? != 0 ] ; then\n    # print error to STDERR\n    echo \"error: The sandbox is not in sync with the Podfile.lock. Run 'pod install' or update your CocoaPods installation.\" >&2\n    exit 1\nfi\n# This output is used by Xcode 'outputs' to avoid re-running this script phase.\necho \"SUCCESS\" > \"${SCRIPT_OUTPUT_FILE_0}\"\n";
			showEnvVarsInLog = 0;
		};
		B657C1732801944700597F4A /* ShellScript */ = {
			isa = PBXShellScriptBuildPhase;
			buildActionMask = 2147483647;
			files = (
			);
			inputFileListPaths = (
			);
			inputPaths = (
			);
			outputFileListPaths = (
			);
			outputPaths = (
			);
			runOnlyForDeploymentPostprocessing = 0;
			shellPath = /bin/sh;
			shellScript = "if which swiftlint >/dev/null; then\n    # Relative path from the .xcodeproj which contains this script\n    echo \"SwiftLint is already installed\"\n    swiftlint lint –-config ../swiftlint.yml\nelse\n    echo \"warning: SwiftLint not installed\"\nfi\n";
		};
		E08B2E4B1DBBC2E20E1FECB4 /* [CP] Embed Pods Frameworks */ = {
			isa = PBXShellScriptBuildPhase;
			buildActionMask = 2147483647;
			files = (
			);
			inputFileListPaths = (
				"${PODS_ROOT}/Target Support Files/Pods-Fit Story/Pods-Fit Story-frameworks-${CONFIGURATION}-input-files.xcfilelist",
			);
			name = "[CP] Embed Pods Frameworks";
			outputFileListPaths = (
				"${PODS_ROOT}/Target Support Files/Pods-Fit Story/Pods-Fit Story-frameworks-${CONFIGURATION}-output-files.xcfilelist",
			);
			runOnlyForDeploymentPostprocessing = 0;
			shellPath = /bin/sh;
			shellScript = "\"${PODS_ROOT}/Target Support Files/Pods-Fit Story/Pods-Fit Story-frameworks.sh\"\n";
			showEnvVarsInLog = 0;
		};
/* End PBXShellScriptBuildPhase section */

/* Begin PBXSourcesBuildPhase section */
		B657C12D2801675200597F4A /* Sources */ = {
			isa = PBXSourcesBuildPhase;
			buildActionMask = 2147483647;
			files = (
				B657C16B280183D400597F4A /* FontLibrary.swift in Sources */,
				B657C16D2801853200597F4A /* ColorLibrary.swift in Sources */,
				B657C1792802B33600597F4A /* ScalePicker.swift in Sources */,
				B6365A272802C07700462018 /* ScalePickerCellViewModel.swift in Sources */,
				B6365A29280319BE00462018 /* ScalePickerViewModel.swift in Sources */,
				B657C16F280189E900597F4A /* IconLibrary.swift in Sources */,
				B6365A252802B4A700462018 /* ScalePickerCell.swift in Sources */,
				B657C14B280167DD00597F4A /* MainViewController.swift in Sources */,
				B657C1352801675200597F4A /* AppDelegate.swift in Sources */,
				B657C17228018D7A00597F4A /* HexButton.swift in Sources */,
				B6365A2B28031F2A00462018 /* ScalePickerContainer.swift in Sources */,
				B657C1372801675200597F4A /* SceneDelegate.swift in Sources */,
			);
			runOnlyForDeploymentPostprocessing = 0;
		};
/* End PBXSourcesBuildPhase section */

/* Begin PBXVariantGroup section */
		B657C13F2801675400597F4A /* LaunchScreen.storyboard */ = {
			isa = PBXVariantGroup;
			children = (
				B657C1402801675400597F4A /* Base */,
			);
			name = LaunchScreen.storyboard;
			sourceTree = "<group>";
		};
/* End PBXVariantGroup section */

/* Begin XCBuildConfiguration section */
		B657C1432801675400597F4A /* Debug */ = {
			isa = XCBuildConfiguration;
			buildSettings = {
				ALWAYS_SEARCH_USER_PATHS = NO;
				CLANG_ANALYZER_NONNULL = YES;
				CLANG_ANALYZER_NUMBER_OBJECT_CONVERSION = YES_AGGRESSIVE;
				CLANG_CXX_LANGUAGE_STANDARD = "gnu++17";
				CLANG_CXX_LIBRARY = "libc++";
				CLANG_ENABLE_MODULES = YES;
				CLANG_ENABLE_OBJC_ARC = YES;
				CLANG_ENABLE_OBJC_WEAK = YES;
				CLANG_WARN_BLOCK_CAPTURE_AUTORELEASING = YES;
				CLANG_WARN_BOOL_CONVERSION = YES;
				CLANG_WARN_COMMA = YES;
				CLANG_WARN_CONSTANT_CONVERSION = YES;
				CLANG_WARN_DEPRECATED_OBJC_IMPLEMENTATIONS = YES;
				CLANG_WARN_DIRECT_OBJC_ISA_USAGE = YES_ERROR;
				CLANG_WARN_DOCUMENTATION_COMMENTS = YES;
				CLANG_WARN_EMPTY_BODY = YES;
				CLANG_WARN_ENUM_CONVERSION = YES;
				CLANG_WARN_INFINITE_RECURSION = YES;
				CLANG_WARN_INT_CONVERSION = YES;
				CLANG_WARN_NON_LITERAL_NULL_CONVERSION = YES;
				CLANG_WARN_OBJC_IMPLICIT_RETAIN_SELF = YES;
				CLANG_WARN_OBJC_LITERAL_CONVERSION = YES;
				CLANG_WARN_OBJC_ROOT_CLASS = YES_ERROR;
				CLANG_WARN_QUOTED_INCLUDE_IN_FRAMEWORK_HEADER = YES;
				CLANG_WARN_RANGE_LOOP_ANALYSIS = YES;
				CLANG_WARN_STRICT_PROTOTYPES = YES;
				CLANG_WARN_SUSPICIOUS_MOVE = YES;
				CLANG_WARN_UNGUARDED_AVAILABILITY = YES_AGGRESSIVE;
				CLANG_WARN_UNREACHABLE_CODE = YES;
				CLANG_WARN__DUPLICATE_METHOD_MATCH = YES;
				COPY_PHASE_STRIP = NO;
				CURRENT_PROJECT_VERSION = 0;
				DEBUG_INFORMATION_FORMAT = dwarf;
				ENABLE_STRICT_OBJC_MSGSEND = YES;
				ENABLE_TESTABILITY = YES;
				GCC_C_LANGUAGE_STANDARD = gnu11;
				GCC_DYNAMIC_NO_PIC = NO;
				GCC_NO_COMMON_BLOCKS = YES;
				GCC_OPTIMIZATION_LEVEL = 0;
				GCC_PREPROCESSOR_DEFINITIONS = (
					"DEBUG=1",
					"$(inherited)",
				);
				GCC_WARN_64_TO_32_BIT_CONVERSION = YES;
				GCC_WARN_ABOUT_RETURN_TYPE = YES_ERROR;
				GCC_WARN_UNDECLARED_SELECTOR = YES;
				GCC_WARN_UNINITIALIZED_AUTOS = YES_AGGRESSIVE;
				GCC_WARN_UNUSED_FUNCTION = YES;
				GCC_WARN_UNUSED_VARIABLE = YES;
				IPHONEOS_DEPLOYMENT_TARGET = 15.2;
				MTL_ENABLE_DEBUG_INFO = INCLUDE_SOURCE;
				MTL_FAST_MATH = YES;
				ONLY_ACTIVE_ARCH = YES;
				SDKROOT = iphoneos;
				SWIFT_ACTIVE_COMPILATION_CONDITIONS = DEBUG;
				SWIFT_OPTIMIZATION_LEVEL = "-Onone";
			};
			name = Debug;
		};
		B657C1442801675400597F4A /* Release */ = {
			isa = XCBuildConfiguration;
			buildSettings = {
				ALWAYS_SEARCH_USER_PATHS = NO;
				CLANG_ANALYZER_NONNULL = YES;
				CLANG_ANALYZER_NUMBER_OBJECT_CONVERSION = YES_AGGRESSIVE;
				CLANG_CXX_LANGUAGE_STANDARD = "gnu++17";
				CLANG_CXX_LIBRARY = "libc++";
				CLANG_ENABLE_MODULES = YES;
				CLANG_ENABLE_OBJC_ARC = YES;
				CLANG_ENABLE_OBJC_WEAK = YES;
				CLANG_WARN_BLOCK_CAPTURE_AUTORELEASING = YES;
				CLANG_WARN_BOOL_CONVERSION = YES;
				CLANG_WARN_COMMA = YES;
				CLANG_WARN_CONSTANT_CONVERSION = YES;
				CLANG_WARN_DEPRECATED_OBJC_IMPLEMENTATIONS = YES;
				CLANG_WARN_DIRECT_OBJC_ISA_USAGE = YES_ERROR;
				CLANG_WARN_DOCUMENTATION_COMMENTS = YES;
				CLANG_WARN_EMPTY_BODY = YES;
				CLANG_WARN_ENUM_CONVERSION = YES;
				CLANG_WARN_INFINITE_RECURSION = YES;
				CLANG_WARN_INT_CONVERSION = YES;
				CLANG_WARN_NON_LITERAL_NULL_CONVERSION = YES;
				CLANG_WARN_OBJC_IMPLICIT_RETAIN_SELF = YES;
				CLANG_WARN_OBJC_LITERAL_CONVERSION = YES;
				CLANG_WARN_OBJC_ROOT_CLASS = YES_ERROR;
				CLANG_WARN_QUOTED_INCLUDE_IN_FRAMEWORK_HEADER = YES;
				CLANG_WARN_RANGE_LOOP_ANALYSIS = YES;
				CLANG_WARN_STRICT_PROTOTYPES = YES;
				CLANG_WARN_SUSPICIOUS_MOVE = YES;
				CLANG_WARN_UNGUARDED_AVAILABILITY = YES_AGGRESSIVE;
				CLANG_WARN_UNREACHABLE_CODE = YES;
				CLANG_WARN__DUPLICATE_METHOD_MATCH = YES;
				COPY_PHASE_STRIP = NO;
				CURRENT_PROJECT_VERSION = 0;
				DEBUG_INFORMATION_FORMAT = "dwarf-with-dsym";
				ENABLE_NS_ASSERTIONS = NO;
				ENABLE_STRICT_OBJC_MSGSEND = YES;
				GCC_C_LANGUAGE_STANDARD = gnu11;
				GCC_NO_COMMON_BLOCKS = YES;
				GCC_WARN_64_TO_32_BIT_CONVERSION = YES;
				GCC_WARN_ABOUT_RETURN_TYPE = YES_ERROR;
				GCC_WARN_UNDECLARED_SELECTOR = YES;
				GCC_WARN_UNINITIALIZED_AUTOS = YES_AGGRESSIVE;
				GCC_WARN_UNUSED_FUNCTION = YES;
				GCC_WARN_UNUSED_VARIABLE = YES;
				IPHONEOS_DEPLOYMENT_TARGET = 15.2;
				MTL_ENABLE_DEBUG_INFO = NO;
				MTL_FAST_MATH = YES;
				SDKROOT = iphoneos;
				SWIFT_COMPILATION_MODE = wholemodule;
				SWIFT_OPTIMIZATION_LEVEL = "-O";
				VALIDATE_PRODUCT = YES;
			};
			name = Release;
		};
		B657C1462801675400597F4A /* Debug */ = {
			isa = XCBuildConfiguration;
			baseConfigurationReference = 38A21B4BC4875C338B1BA61C /* Pods-Fit Story.debug.xcconfig */;
			buildSettings = {
				ASSETCATALOG_COMPILER_APPICON_NAME = AppIcon;
				ASSETCATALOG_COMPILER_GLOBAL_ACCENT_COLOR_NAME = AccentColor;
				CODE_SIGN_STYLE = Automatic;
				CURRENT_PROJECT_VERSION = 1;
				DEVELOPMENT_TEAM = 83AH7T8DV5;
				GENERATE_INFOPLIST_FILE = YES;
				INFOPLIST_FILE = "Fit Story/Info.plist";
				INFOPLIST_KEY_UIApplicationSupportsIndirectInputEvents = YES;
				INFOPLIST_KEY_UILaunchStoryboardName = LaunchScreen;
				INFOPLIST_KEY_UISupportedInterfaceOrientations = UIInterfaceOrientationPortrait;
				INFOPLIST_KEY_UISupportedInterfaceOrientations_iPad = "UIInterfaceOrientationPortrait UIInterfaceOrientationPortraitUpsideDown UIInterfaceOrientationLandscapeLeft UIInterfaceOrientationLandscapeRight";
				INFOPLIST_KEY_UISupportedInterfaceOrientations_iPhone = "UIInterfaceOrientationPortrait UIInterfaceOrientationLandscapeLeft UIInterfaceOrientationLandscapeRight";
				IPHONEOS_DEPLOYMENT_TARGET = 13.0;
				LD_RUNPATH_SEARCH_PATHS = (
					"$(inherited)",
					"@executable_path/Frameworks",
				);
				MARKETING_VERSION = 1.0;
				PRODUCT_BUNDLE_IDENTIFIER = "com.hanlin.Fit-Story";
				PRODUCT_NAME = "$(TARGET_NAME)";
				SWIFT_EMIT_LOC_STRINGS = YES;
				SWIFT_VERSION = 5.0;
				TARGETED_DEVICE_FAMILY = "1,2";
			};
			name = Debug;
		};
		B657C1472801675400597F4A /* Release */ = {
			isa = XCBuildConfiguration;
			baseConfigurationReference = DA9C0B6044FA33E3AA96C813 /* Pods-Fit Story.release.xcconfig */;
			buildSettings = {
				ASSETCATALOG_COMPILER_APPICON_NAME = AppIcon;
				ASSETCATALOG_COMPILER_GLOBAL_ACCENT_COLOR_NAME = AccentColor;
				CODE_SIGN_STYLE = Automatic;
				CURRENT_PROJECT_VERSION = 1;
				DEVELOPMENT_TEAM = 83AH7T8DV5;
				GENERATE_INFOPLIST_FILE = YES;
				INFOPLIST_FILE = "Fit Story/Info.plist";
				INFOPLIST_KEY_UIApplicationSupportsIndirectInputEvents = YES;
				INFOPLIST_KEY_UILaunchStoryboardName = LaunchScreen;
				INFOPLIST_KEY_UISupportedInterfaceOrientations = UIInterfaceOrientationPortrait;
				INFOPLIST_KEY_UISupportedInterfaceOrientations_iPad = "UIInterfaceOrientationPortrait UIInterfaceOrientationPortraitUpsideDown UIInterfaceOrientationLandscapeLeft UIInterfaceOrientationLandscapeRight";
				INFOPLIST_KEY_UISupportedInterfaceOrientations_iPhone = "UIInterfaceOrientationPortrait UIInterfaceOrientationLandscapeLeft UIInterfaceOrientationLandscapeRight";
				IPHONEOS_DEPLOYMENT_TARGET = 13.0;
				LD_RUNPATH_SEARCH_PATHS = (
					"$(inherited)",
					"@executable_path/Frameworks",
				);
				MARKETING_VERSION = 1.0;
				PRODUCT_BUNDLE_IDENTIFIER = "com.hanlin.Fit-Story";
				PRODUCT_NAME = "$(TARGET_NAME)";
				SWIFT_EMIT_LOC_STRINGS = YES;
				SWIFT_VERSION = 5.0;
				TARGETED_DEVICE_FAMILY = "1,2";
			};
			name = Release;
		};
/* End XCBuildConfiguration section */

/* Begin XCConfigurationList section */
		B657C12C2801675200597F4A /* Build configuration list for PBXProject "Fit Story" */ = {
			isa = XCConfigurationList;
			buildConfigurations = (
				B657C1432801675400597F4A /* Debug */,
				B657C1442801675400597F4A /* Release */,
			);
			defaultConfigurationIsVisible = 0;
			defaultConfigurationName = Release;
		};
		B657C1452801675400597F4A /* Build configuration list for PBXNativeTarget "Fit Story" */ = {
			isa = XCConfigurationList;
			buildConfigurations = (
				B657C1462801675400597F4A /* Debug */,
				B657C1472801675400597F4A /* Release */,
			);
			defaultConfigurationIsVisible = 0;
			defaultConfigurationName = Release;
		};
/* End XCConfigurationList section */
	};
	rootObject = B657C1292801675200597F4A /* Project object */;
}
